
Microsoft Visual Studio Solution File, Format Version 12.00
# Visual Studio Version 16
VisualStudioVersion = 16.0.31605.320
MinimumVisualStudioVersion = 10.0.40219.1
Project("{00D1A9C2-B5F0-4AF3-8072-F6C62B433612}") = "KNBNData", "KNBNData\KNBNData.sqlproj", "{132A9756-AE98-43B0-935E-C0EB12C2DDD9}"
EndProject
Project("{2150E333-8FDC-42A3-9474-1A3956D46DE8}") = "Database", "Database", "{1DBC0C8B-2FCD-4573-A814-82A48212A11F}"
EndProject
Project("{2150E333-8FDC-42A3-9474-1A3956D46DE8}") = "API", "API", "{90B9C79B-4E49-43B7-90B8-C06C3689DB0F}"
EndProject
Project("{9A19103F-16F7-4668-BE54-9A1E7A4F7556}") = "KNBNApi.Library", "KNBNApi.Library\KNBNApi.Library.csproj", "{7CFD9DB0-AA06-47D9-9197-2E9873118D78}"
EndProject
Project("{9A19103F-16F7-4668-BE54-9A1E7A4F7556}") = "KNBNApi", "KNBNApi\KNBNApi.csproj", "{DCC03CB3-7D73-4B02-B477-B12E28924010}"
EndProject
Project("{2150E333-8FDC-42A3-9474-1A3956D46DE8}") = "WPF", "WPF", "{F33650B6-8674-4362-A9B6-3F6FC5FEEFB3}"
EndProject
Project("{9A19103F-16F7-4668-BE54-9A1E7A4F7556}") = "KNBNDesktopUI.Library", "KNBNDesktopUI.Library\KNBNDesktopUI.Library.csproj", "{5D6D0518-0E2F-4790-B1FA-894129AAE154}"
EndProject
Project("{9A19103F-16F7-4668-BE54-9A1E7A4F7556}") = "KNBNDesktopUI", "KNBNDesktopUI\KNBNDesktopUI.csproj", "{DA356E72-DF4F-4E37-99B7-1CC6593AD7E0}"
EndProject
Global
	GlobalSection(SolutionConfigurationPlatforms) = preSolution
		Debug|Any CPU = Debug|Any CPU
		Release|Any CPU = Release|Any CPU
	EndGlobalSection
	GlobalSection(ProjectConfigurationPlatforms) = postSolution
		{132A9756-AE98-43B0-935E-C0EB12C2DDD9}.Debug|Any CPU.ActiveCfg = Debug|Any CPU
		{132A9756-AE98-43B0-935E-C0EB12C2DDD9}.Debug|Any CPU.Build.0 = Debug|Any CPU
		{132A9756-AE98-43B0-935E-C0EB12C2DDD9}.Debug|Any CPU.Deploy.0 = Debug|Any CPU
		{132A9756-AE98-43B0-935E-C0EB12C2DDD9}.Release|Any CPU.ActiveCfg = Release|Any CPU
		{132A9756-AE98-43B0-935E-C0EB12C2DDD9}.Release|Any CPU.Build.0 = Release|Any CPU
		{132A9756-AE98-43B0-935E-C0EB12C2DDD9}.Release|Any CPU.Deploy.0 = Release|Any CPU
		{7CFD9DB0-AA06-47D9-9197-2E9873118D78}.Debug|Any CPU.ActiveCfg = Debug|Any CPU
		{7CFD9DB0-AA06-47D9-9197-2E9873118D78}.Debug|Any CPU.Build.0 = Debug|Any CPU
		{7CFD9DB0-AA06-47D9-9197-2E9873118D78}.Release|Any CPU.ActiveCfg = Release|Any CPU
		{7CFD9DB0-AA06-47D9-9197-2E9873118D78}.Release|Any CPU.Build.0 = Release|Any CPU
		{DCC03CB3-7D73-4B02-B477-B12E28924010}.Debug|Any CPU.ActiveCfg = Debug|Any CPU
		{DCC03CB3-7D73-4B02-B477-B12E28924010}.Debug|Any CPU.Build.0 = Debug|Any CPU
		{DCC03CB3-7D73-4B02-B477-B12E28924010}.Release|Any CPU.ActiveCfg = Release|Any CPU
		{DCC03CB3-7D73-4B02-B477-B12E28924010}.Release|Any CPU.Build.0 = Release|Any CPU
		{5D6D0518-0E2F-4790-B1FA-894129AAE154}.Debug|Any CPU.ActiveCfg = Debug|Any CPU
		{5D6D0518-0E2F-4790-B1FA-894129AAE154}.Debug|Any CPU.Build.0 = Debug|Any CPU
		{5D6D0518-0E2F-4790-B1FA-894129AAE154}.Release|Any CPU.ActiveCfg = Release|Any CPU
		{5D6D0518-0E2F-4790-B1FA-894129AAE154}.Release|Any CPU.Build.0 = Release|Any CPU
		{DA356E72-DF4F-4E37-99B7-1CC6593AD7E0}.Debug|Any CPU.ActiveCfg = Debug|Any CPU
		{DA356E72-DF4F-4E37-99B7-1CC6593AD7E0}.Debug|Any CPU.Build.0 = Debug|Any CPU
		{DA356E72-DF4F-4E37-99B7-1CC6593AD7E0}.Release|Any CPU.ActiveCfg = Release|Any CPU
		{DA356E72-DF4F-4E37-99B7-1CC6593AD7E0}.Release|Any CPU.Build.0 = Release|Any CPU
	EndGlobalSection
	GlobalSection(SolutionProperties) = preSolution
		HideSolutionNode = FALSE
	EndGlobalSection
	GlobalSection(NestedProjects) = preSolution
		{132A9756-AE98-43B0-935E-C0EB12C2DDD9} = {1DBC0C8B-2FCD-4573-A814-82A48212A11F}
		{7CFD9DB0-AA06-47D9-9197-2E9873118D78} = {90B9C79B-4E49-43B7-90B8-C06C3689DB0F}
		{DCC03CB3-7D73-4B02-B477-B12E28924010} = {90B9C79B-4E49-43B7-90B8-C06C3689DB0F}
		{5D6D0518-0E2F-4790-B1FA-894129AAE154} = {F33650B6-8674-4362-A9B6-3F6FC5FEEFB3}
		{DA356E72-DF4F-4E37-99B7-1CC6593AD7E0} = {F33650B6-8674-4362-A9B6-3F6FC5FEEFB3}
	EndGlobalSection
	GlobalSection(ExtensibilityGlobals) = postSolution
		SolutionGuid = {F7DE2183-84A2-4F69-9C8C-559200341332}
	EndGlobalSection
EndGlobal
